
Microsoft Visual Studio Solution File, Format Version 12.00
# Visual Studio Version 17
VisualStudioVersion = 17.9.34728.123
MinimumVisualStudioVersion = 10.0.40219.1
Project("{9A19103F-16F7-4668-BE54-9A1E7A4F7556}") = "ShipCrewsRefAutoBlazorApp", "ShipCrewsRefAutoBlazorApp\ShipCrewsRefAutoBlazorApp\ShipCrewsRefAutoBlazorApp.csproj", "{80507B92-F64E-4163-B917-5A59155588E2}"
EndProject
Project("{9A19103F-16F7-4668-BE54-9A1E7A4F7556}") = "ShipCrewsRefAutoBlazorApp.Client", "ShipCrewsRefAutoBlazorApp\ShipCrewsRefAutoBlazorApp.Client\ShipCrewsRefAutoBlazorApp.Client.csproj", "{F18CF5FB-D71D-4D92-B168-0F8C2BE19346}"
EndProject
Project("{2150E333-8FDC-42A3-9474-1A3956D46DE8}") = "Solution Items", "Solution Items", "{7C008990-11EC-4FA5-96DB-E67A49C4E540}"
EndProject
Project("{9A19103F-16F7-4668-BE54-9A1E7A4F7556}") = "TestProject", "TestProject\TestProject.csproj", "{7578D82F-EC6E-42A2-A1A2-67EB198655C5}"
EndProject
Global
	GlobalSection(SolutionConfigurationPlatforms) = preSolution
		Debug|Any CPU = Debug|Any CPU
		Release|Any CPU = Release|Any CPU
	EndGlobalSection
	GlobalSection(ProjectConfigurationPlatforms) = postSolution
		{80507B92-F64E-4163-B917-5A59155588E2}.Debug|Any CPU.ActiveCfg = Debug|Any CPU
		{80507B92-F64E-4163-B917-5A59155588E2}.Debug|Any CPU.Build.0 = Debug|Any CPU
		{80507B92-F64E-4163-B917-5A59155588E2}.Release|Any CPU.ActiveCfg = Release|Any CPU
		{80507B92-F64E-4163-B917-5A59155588E2}.Release|Any CPU.Build.0 = Release|Any CPU
		{F18CF5FB-D71D-4D92-B168-0F8C2BE19346}.Debug|Any CPU.ActiveCfg = Debug|Any CPU
		{F18CF5FB-D71D-4D92-B168-0F8C2BE19346}.Debug|Any CPU.Build.0 = Debug|Any CPU
		{F18CF5FB-D71D-4D92-B168-0F8C2BE19346}.Release|Any CPU.ActiveCfg = Release|Any CPU
		{F18CF5FB-D71D-4D92-B168-0F8C2BE19346}.Release|Any CPU.Build.0 = Release|Any CPU
		{7578D82F-EC6E-42A2-A1A2-67EB198655C5}.Debug|Any CPU.ActiveCfg = Debug|Any CPU
		{7578D82F-EC6E-42A2-A1A2-67EB198655C5}.Debug|Any CPU.Build.0 = Debug|Any CPU
		{7578D82F-EC6E-42A2-A1A2-67EB198655C5}.Release|Any CPU.ActiveCfg = Release|Any CPU
		{7578D82F-EC6E-42A2-A1A2-67EB198655C5}.Release|Any CPU.Build.0 = Release|Any CPU
	EndGlobalSection
	GlobalSection(SolutionProperties) = preSolution
		HideSolutionNode = FALSE
	EndGlobalSection
	GlobalSection(ExtensibilityGlobals) = postSolution
		SolutionGuid = {4F581A5A-9DA0-4D90-B0FA-EB5BEF2FAEC9}
	EndGlobalSection
EndGlobal
